{
  "name": "app",
  "version": "1.0.0",
  "lockfileVersion": 3,
  "requires": true,
  "packages": {
    "": {
      "name": "app",
      "version": "1.0.0",
      "license": "ISC",
      "dependencies": {
        "@fullcalendar/core": "^6.1.19",
        "@fullcalendar/daygrid": "^6.1.19",
        "@fullcalendar/multimonth": "^6.1.19",
        "dayjs": "^1.11.19",
        "easytimer.js": "^4.6.0",
        "flatpickr": "^4.6.13"
      }
    },
    "node_modules/@fullcalendar/core": {
      "version": "6.1.19",
      "resolved": "https://registry.npmjs.org/@fullcalendar/core/-/core-6.1.19.tgz",
      "integrity": "sha512-z0aVlO5e4Wah6p6mouM0UEqtRf1MZZPt4mwzEyU6kusaNL+dlWQgAasF2cK23hwT4cmxkEmr4inULXgpyeExdQ==",
      "license": "MIT",
      "dependencies": {
        "preact": "~10.12.1"
      }
    },
    "node_modules/@fullcalendar/daygrid": {
      "version": "6.1.19",
      "resolved": "https://registry.npmjs.org/@fullcalendar/daygrid/-/daygrid-6.1.19.tgz",
      "integrity": "sha512-IAAfnMICnVWPjpT4zi87i3FEw0xxSza0avqY/HedKEz+l5MTBYvCDPOWDATpzXoLut3aACsjktIyw9thvIcRYQ==",
      "license": "MIT",
      "peerDependencies": {
        "@fullcalendar/core": "~6.1.19"
      }
    },
    "node_modules/@fullcalendar/multimonth": {
      "version": "6.1.19",
      "resolved": "https://registry.npmjs.org/@fullcalendar/multimonth/-/multimonth-6.1.19.tgz",
      "integrity": "sha512-YYP8o/tjNLFRKhelwiq5ja3Jm3WDf3bfOUHf32JvAWwfotCvZjD7tYv66Nj02mQ8OWWJINa2EQGJxFHgIs14aA==",
      "license": "MIT",
      "dependencies": {
        "@fullcalendar/daygrid": "~6.1.19"
      },
      "peerDependencies": {
        "@fullcalendar/core": "~6.1.19"
      }
    },
    "node_modules/dayjs": {
      "version": "1.11.19",
      "resolved": "https://registry.npmjs.org/dayjs/-/dayjs-1.11.19.tgz",
      "integrity": "sha512-t5EcLVS6QPBNqM2z8fakk/NKel+Xzshgt8FFKAn+qwlD1pzZWxh0nVCrvFK7ZDb6XucZeF9z8C7CBWTRIVApAw==",
      "license": "MIT"
    },
    "node_modules/easytimer.js": {
      "version": "4.6.0",
      "resolved": "https://registry.npmjs.org/easytimer.js/-/easytimer.js-4.6.0.tgz",
      "integrity": "sha512-2kl/X/HnB5mKJ29x7N908CrNl5y8yDgDuD8U7TXTEHs/lBFVXT91DSoiXncYnwC1TPPDfomlLDKPaTSqT3dygQ==",
      "license": "MIT"
    },
    "node_modules/flatpickr": {
      "version": "4.6.13",
      "resolved": "https://registry.npmjs.org/flatpickr/-/flatpickr-4.6.13.tgz",
      "integrity": "sha512-97PMG/aywoYpB4IvbvUJi0RQi8vearvU0oov1WW3k0WZPBMrTQVqekSX5CjSG/M4Q3i6A/0FKXC7RyAoAUUSPw==",
      "license": "MIT"
    },
    "node_modules/preact": {
      "version": "10.12.1",
      "resolved": "https://registry.npmjs.org/preact/-/preact-10.12.1.tgz",
      "integrity": "sha512-l8386ixSsBdbreOAkqtrwqHwdvR35ID8c3rKPa8lCWuO86dBi32QWHV4vfsZK1utLLFMvw+Z5Ad4XLkZzchscg==",
      "license": "MIT",
      "funding": {
        "type": "opencollective",
        "url": "https://opencollective.com/preact"
      }
    }
  }
}
